
Microsoft Visual Studio Solution File, Format Version 12.00
# Visual Studio 15
VisualStudioVersion = 15.0.27703.2026
MinimumVisualStudioVersion = 10.0.40219.1
Project("{8BC9CEB8-8B4A-11D0-8D11-00A0C91BC942}") = "HelloWorld", "Udemy_C\Udemy_C.vcxproj", "{F083B41B-39CA-4732-937C-B1E9E1B9FC2F}"
EndProject
Project("{8BC9CEB8-8B4A-11D0-8D11-00A0C91BC942}") = "TestProject", "TestProject\TestProject.vcxproj", "{61BA9C26-4062-4F41-BB63-A1ED6DCDD577}"
EndProject
Global
	GlobalSection(SolutionConfigurationPlatforms) = preSolution
		Debug|x64 = Debug|x64
		Debug|x86 = Debug|x86
		Release|x64 = Release|x64
		Release|x86 = Release|x86
	EndGlobalSection
	GlobalSection(ProjectConfigurationPlatforms) = postSolution
		{F083B41B-39CA-4732-937C-B1E9E1B9FC2F}.Debug|x64.ActiveCfg = Debug|x64
		{F083B41B-39CA-4732-937C-B1E9E1B9FC2F}.Debug|x64.Build.0 = Debug|x64
		{F083B41B-39CA-4732-937C-B1E9E1B9FC2F}.Debug|x86.ActiveCfg = Debug|Win32
		{F083B41B-39CA-4732-937C-B1E9E1B9FC2F}.Debug|x86.Build.0 = Debug|Win32
		{F083B41B-39CA-4732-937C-B1E9E1B9FC2F}.Release|x64.ActiveCfg = Release|x64
		{F083B41B-39CA-4732-937C-B1E9E1B9FC2F}.Release|x64.Build.0 = Release|x64
		{F083B41B-39CA-4732-937C-B1E9E1B9FC2F}.Release|x86.ActiveCfg = Release|Win32
		{F083B41B-39CA-4732-937C-B1E9E1B9FC2F}.Release|x86.Build.0 = Release|Win32
		{61BA9C26-4062-4F41-BB63-A1ED6DCDD577}.Debug|x64.ActiveCfg = Debug|x64
		{61BA9C26-4062-4F41-BB63-A1ED6DCDD577}.Debug|x64.Build.0 = Debug|x64
		{61BA9C26-4062-4F41-BB63-A1ED6DCDD577}.Debug|x86.ActiveCfg = Debug|Win32
		{61BA9C26-4062-4F41-BB63-A1ED6DCDD577}.Debug|x86.Build.0 = Debug|Win32
		{61BA9C26-4062-4F41-BB63-A1ED6DCDD577}.Release|x64.ActiveCfg = Release|x64
		{61BA9C26-4062-4F41-BB63-A1ED6DCDD577}.Release|x64.Build.0 = Release|x64
		{61BA9C26-4062-4F41-BB63-A1ED6DCDD577}.Release|x86.ActiveCfg = Release|Win32
		{61BA9C26-4062-4F41-BB63-A1ED6DCDD577}.Release|x86.Build.0 = Release|Win32
	EndGlobalSection
	GlobalSection(SolutionProperties) = preSolution
		HideSolutionNode = FALSE
	EndGlobalSection
	GlobalSection(ExtensibilityGlobals) = postSolution
		SolutionGuid = {CA396D6A-E56C-43C6-98A3-D7149B282F57}
	EndGlobalSection
EndGlobal
